
Microsoft Visual Studio Solution File, Format Version 12.00
# Visual Studio Version 17
Project("{8BC9CEB8-8B4A-11D0-8D11-00A0C91BC942}") = "ALL_BUILD", "ALL_BUILD.vcxproj", "{CDE502A1-560C-3373-AC53-6C6D602590D2}"
	ProjectSection(ProjectDependencies) = postProject
		{523FB4DF-2EC5-3DA8-B332-F8F3D8A162FA} = {523FB4DF-2EC5-3DA8-B332-F8F3D8A162FA}
		{38271370-DB64-317F-BB8B-404BFE6051A1} = {38271370-DB64-317F-BB8B-404BFE6051A1}
	EndProjectSection
EndProject
Project("{8BC9CEB8-8B4A-11D0-8D11-00A0C91BC942}") = "MarioGame", "MarioGame.vcxproj", "{523FB4DF-2EC5-3DA8-B332-F8F3D8A162FA}"
	ProjectSection(ProjectDependencies) = postProject
		{38271370-DB64-317F-BB8B-404BFE6051A1} = {38271370-DB64-317F-BB8B-404BFE6051A1}
	EndProjectSection
EndProject
Project("{8BC9CEB8-8B4A-11D0-8D11-00A0C91BC942}") = "ZERO_CHECK", "ZERO_CHECK.vcxproj", "{38271370-DB64-317F-BB8B-404BFE6051A1}"
	ProjectSection(ProjectDependencies) = postProject
	EndProjectSection
EndProject
Global
	GlobalSection(SolutionConfigurationPlatforms) = preSolution
		Debug|x64 = Debug|x64
		Release|x64 = Release|x64
		MinSizeRel|x64 = MinSizeRel|x64
		RelWithDebInfo|x64 = RelWithDebInfo|x64
	EndGlobalSection
	GlobalSection(ProjectConfigurationPlatforms) = postSolution
		{CDE502A1-560C-3373-AC53-6C6D602590D2}.Debug|x64.ActiveCfg = Debug|x64
		{CDE502A1-560C-3373-AC53-6C6D602590D2}.Release|x64.ActiveCfg = Release|x64
		{CDE502A1-560C-3373-AC53-6C6D602590D2}.MinSizeRel|x64.ActiveCfg = MinSizeRel|x64
		{CDE502A1-560C-3373-AC53-6C6D602590D2}.RelWithDebInfo|x64.ActiveCfg = RelWithDebInfo|x64
		{523FB4DF-2EC5-3DA8-B332-F8F3D8A162FA}.Debug|x64.ActiveCfg = Debug|x64
		{523FB4DF-2EC5-3DA8-B332-F8F3D8A162FA}.Debug|x64.Build.0 = Debug|x64
		{523FB4DF-2EC5-3DA8-B332-F8F3D8A162FA}.Release|x64.ActiveCfg = Release|x64
		{523FB4DF-2EC5-3DA8-B332-F8F3D8A162FA}.Release|x64.Build.0 = Release|x64
		{523FB4DF-2EC5-3DA8-B332-F8F3D8A162FA}.MinSizeRel|x64.ActiveCfg = MinSizeRel|x64
		{523FB4DF-2EC5-3DA8-B332-F8F3D8A162FA}.MinSizeRel|x64.Build.0 = MinSizeRel|x64
		{523FB4DF-2EC5-3DA8-B332-F8F3D8A162FA}.RelWithDebInfo|x64.ActiveCfg = RelWithDebInfo|x64
		{523FB4DF-2EC5-3DA8-B332-F8F3D8A162FA}.RelWithDebInfo|x64.Build.0 = RelWithDebInfo|x64
		{38271370-DB64-317F-BB8B-404BFE6051A1}.Debug|x64.ActiveCfg = Debug|x64
		{38271370-DB64-317F-BB8B-404BFE6051A1}.Debug|x64.Build.0 = Debug|x64
		{38271370-DB64-317F-BB8B-404BFE6051A1}.Release|x64.ActiveCfg = Release|x64
		{38271370-DB64-317F-BB8B-404BFE6051A1}.Release|x64.Build.0 = Release|x64
		{38271370-DB64-317F-BB8B-404BFE6051A1}.MinSizeRel|x64.ActiveCfg = MinSizeRel|x64
		{38271370-DB64-317F-BB8B-404BFE6051A1}.MinSizeRel|x64.Build.0 = MinSizeRel|x64
		{38271370-DB64-317F-BB8B-404BFE6051A1}.RelWithDebInfo|x64.ActiveCfg = RelWithDebInfo|x64
		{38271370-DB64-317F-BB8B-404BFE6051A1}.RelWithDebInfo|x64.Build.0 = RelWithDebInfo|x64
	EndGlobalSection
	GlobalSection(ExtensibilityGlobals) = postSolution
		SolutionGuid = {4A62FC01-36B7-3E3B-85B7-C10FC2D4E9A8}
	EndGlobalSection
	GlobalSection(ExtensibilityAddIns) = postSolution
	EndGlobalSection
EndGlobal
